
Microsoft Visual Studio Solution File, Format Version 12.00
# Visual Studio Version 16
VisualStudioVersion = 16.0.29409.12
MinimumVisualStudioVersion = 10.0.40219.1
Project("{9A19103F-16F7-4668-BE54-9A1E7A4F7556}") = "P01_LeftAndRightSum", "P01_LeftAndRigthSum\P01_LeftAndRightSum.csproj", "{9C9C702E-0CE7-44FE-9397-B612770B5870}"
EndProject
Project("{9A19103F-16F7-4668-BE54-9A1E7A4F7556}") = "P02_ASCII", "P02_ASCII\P02_ASCII.csproj", "{6A2E9371-D23B-4CBE-8C6A-DBAA70FCD2BE}"
EndProject
Project("{9A19103F-16F7-4668-BE54-9A1E7A4F7556}") = "P03_NumbersPerThree", "P03_NumbersPerThree\P03_NumbersPerThree.csproj", "{40FEDB73-04CA-4296-BB9E-8E4B0FC0BCC4}"
EndProject
Project("{FAE04EC0-301F-11D3-BF4B-00C04F79EFBC}") = "P04_ReverseLoop", "P04_ReverseLoop\P04_ReverseLoop.csproj", "{C02D1433-83DE-4290-B7D9-70E2683EF67B}"
EndProject
Project("{FAE04EC0-301F-11D3-BF4B-00C04F79EFBC}") = "P05_TwoOnN", "P05_TwoOnN\P05_TwoOnN.csproj", "{582960E2-A60C-40CD-9F65-CDDE17E9EBAC}"
EndProject
Project("{FAE04EC0-301F-11D3-BF4B-00C04F79EFBC}") = "P06_EvenPowersOfTwo", "P06_EvenPowersOfTwo\P06_EvenPowersOfTwo.csproj", "{FF18948C-E463-409E-ABAB-4E70203DEF4A}"
EndProject
Global
	GlobalSection(SolutionConfigurationPlatforms) = preSolution
		Debug|Any CPU = Debug|Any CPU
		Release|Any CPU = Release|Any CPU
	EndGlobalSection
	GlobalSection(ProjectConfigurationPlatforms) = postSolution
		{9C9C702E-0CE7-44FE-9397-B612770B5870}.Debug|Any CPU.ActiveCfg = Debug|Any CPU
		{9C9C702E-0CE7-44FE-9397-B612770B5870}.Debug|Any CPU.Build.0 = Debug|Any CPU
		{9C9C702E-0CE7-44FE-9397-B612770B5870}.Release|Any CPU.ActiveCfg = Release|Any CPU
		{9C9C702E-0CE7-44FE-9397-B612770B5870}.Release|Any CPU.Build.0 = Release|Any CPU
		{6A2E9371-D23B-4CBE-8C6A-DBAA70FCD2BE}.Debug|Any CPU.ActiveCfg = Debug|Any CPU
		{6A2E9371-D23B-4CBE-8C6A-DBAA70FCD2BE}.Debug|Any CPU.Build.0 = Debug|Any CPU
		{6A2E9371-D23B-4CBE-8C6A-DBAA70FCD2BE}.Release|Any CPU.ActiveCfg = Release|Any CPU
		{6A2E9371-D23B-4CBE-8C6A-DBAA70FCD2BE}.Release|Any CPU.Build.0 = Release|Any CPU
		{40FEDB73-04CA-4296-BB9E-8E4B0FC0BCC4}.Debug|Any CPU.ActiveCfg = Debug|Any CPU
		{40FEDB73-04CA-4296-BB9E-8E4B0FC0BCC4}.Debug|Any CPU.Build.0 = Debug|Any CPU
		{40FEDB73-04CA-4296-BB9E-8E4B0FC0BCC4}.Release|Any CPU.ActiveCfg = Release|Any CPU
		{40FEDB73-04CA-4296-BB9E-8E4B0FC0BCC4}.Release|Any CPU.Build.0 = Release|Any CPU
		{C02D1433-83DE-4290-B7D9-70E2683EF67B}.Debug|Any CPU.ActiveCfg = Debug|Any CPU
		{C02D1433-83DE-4290-B7D9-70E2683EF67B}.Debug|Any CPU.Build.0 = Debug|Any CPU
		{C02D1433-83DE-4290-B7D9-70E2683EF67B}.Release|Any CPU.ActiveCfg = Release|Any CPU
		{C02D1433-83DE-4290-B7D9-70E2683EF67B}.Release|Any CPU.Build.0 = Release|Any CPU
		{582960E2-A60C-40CD-9F65-CDDE17E9EBAC}.Debug|Any CPU.ActiveCfg = Debug|Any CPU
		{582960E2-A60C-40CD-9F65-CDDE17E9EBAC}.Debug|Any CPU.Build.0 = Debug|Any CPU
		{582960E2-A60C-40CD-9F65-CDDE17E9EBAC}.Release|Any CPU.ActiveCfg = Release|Any CPU
		{582960E2-A60C-40CD-9F65-CDDE17E9EBAC}.Release|Any CPU.Build.0 = Release|Any CPU
		{FF18948C-E463-409E-ABAB-4E70203DEF4A}.Debug|Any CPU.ActiveCfg = Debug|Any CPU
		{FF18948C-E463-409E-ABAB-4E70203DEF4A}.Debug|Any CPU.Build.0 = Debug|Any CPU
		{FF18948C-E463-409E-ABAB-4E70203DEF4A}.Release|Any CPU.ActiveCfg = Release|Any CPU
		{FF18948C-E463-409E-ABAB-4E70203DEF4A}.Release|Any CPU.Build.0 = Release|Any CPU
	EndGlobalSection
	GlobalSection(SolutionProperties) = preSolution
		HideSolutionNode = FALSE
	EndGlobalSection
	GlobalSection(ExtensibilityGlobals) = postSolution
		SolutionGuid = {ED0D7DCD-4B9D-48ED-BFA1-1BB2F8CA37EC}
	EndGlobalSection
EndGlobal
