
Microsoft Visual Studio Solution File, Format Version 12.00
# Visual Studio Version 16
VisualStudioVersion = 16.0.29409.12
MinimumVisualStudioVersion = 10.0.40219.1
Project("{FAE04EC0-301F-11D3-BF4B-00C04F79EFBC}") = "P01_CopyThatArray", "P01_CopyThatArray\P01_CopyThatArray.csproj", "{1F338887-6FB2-41D7-870E-C83AEFFFA6CB}"
EndProject
Project("{FAE04EC0-301F-11D3-BF4B-00C04F79EFBC}") = "P02_DuplicateElements", "P02_DuplicateElements\P02_DuplicateElements.csproj", "{4DF94A75-522A-4EA3-ACE9-341DC334EE5F}"
EndProject
Project("{FAE04EC0-301F-11D3-BF4B-00C04F79EFBC}") = "P03_UniqueElements", "P03_UniqueElements\P03_UniqueElements.csproj", "{E95E6571-A6EA-4A40-860A-B72A4132EDB0}"
EndProject
Global
	GlobalSection(SolutionConfigurationPlatforms) = preSolution
		Debug|Any CPU = Debug|Any CPU
		Release|Any CPU = Release|Any CPU
	EndGlobalSection
	GlobalSection(ProjectConfigurationPlatforms) = postSolution
		{1F338887-6FB2-41D7-870E-C83AEFFFA6CB}.Debug|Any CPU.ActiveCfg = Debug|Any CPU
		{1F338887-6FB2-41D7-870E-C83AEFFFA6CB}.Debug|Any CPU.Build.0 = Debug|Any CPU
		{1F338887-6FB2-41D7-870E-C83AEFFFA6CB}.Release|Any CPU.ActiveCfg = Release|Any CPU
		{1F338887-6FB2-41D7-870E-C83AEFFFA6CB}.Release|Any CPU.Build.0 = Release|Any CPU
		{4DF94A75-522A-4EA3-ACE9-341DC334EE5F}.Debug|Any CPU.ActiveCfg = Debug|Any CPU
		{4DF94A75-522A-4EA3-ACE9-341DC334EE5F}.Debug|Any CPU.Build.0 = Debug|Any CPU
		{4DF94A75-522A-4EA3-ACE9-341DC334EE5F}.Release|Any CPU.ActiveCfg = Release|Any CPU
		{4DF94A75-522A-4EA3-ACE9-341DC334EE5F}.Release|Any CPU.Build.0 = Release|Any CPU
		{E95E6571-A6EA-4A40-860A-B72A4132EDB0}.Debug|Any CPU.ActiveCfg = Debug|Any CPU
		{E95E6571-A6EA-4A40-860A-B72A4132EDB0}.Debug|Any CPU.Build.0 = Debug|Any CPU
		{E95E6571-A6EA-4A40-860A-B72A4132EDB0}.Release|Any CPU.ActiveCfg = Release|Any CPU
		{E95E6571-A6EA-4A40-860A-B72A4132EDB0}.Release|Any CPU.Build.0 = Release|Any CPU
	EndGlobalSection
	GlobalSection(SolutionProperties) = preSolution
		HideSolutionNode = FALSE
	EndGlobalSection
	GlobalSection(ExtensibilityGlobals) = postSolution
		SolutionGuid = {844F26DB-1EE9-454C-9850-75043A0FC174}
	EndGlobalSection
EndGlobal
