
Microsoft Visual Studio Solution File, Format Version 12.00
# Visual Studio Version 16
VisualStudioVersion = 16.0.29509.3
MinimumVisualStudioVersion = 10.0.40219.1
Project("{FAE04EC0-301F-11D3-BF4B-00C04F79EFBC}") = "P01_SGoingSS", "P01_SGoingSS\P01_SGoingSS.csproj", "{AC4F9FA8-21A7-455B-9C65-9B4769F59D5C}"
EndProject
Project("{FAE04EC0-301F-11D3-BF4B-00C04F79EFBC}") = "P02_ReverseHalfOfString", "P02_ReverseHalfOfString\P02_ReverseHalfOfString.csproj", "{B81B62AD-E60F-4DB4-A49C-241A113CDBDF}"
EndProject
Project("{FAE04EC0-301F-11D3-BF4B-00C04F79EFBC}") = "P03_RemoveExistingString", "P03_RemoveExistingString\P03_RemoveExistingString.csproj", "{92153D90-7C1B-4FE7-91E0-ADD9ED8A353A}"
EndProject
Global
	GlobalSection(SolutionConfigurationPlatforms) = preSolution
		Debug|Any CPU = Debug|Any CPU
		Release|Any CPU = Release|Any CPU
	EndGlobalSection
	GlobalSection(ProjectConfigurationPlatforms) = postSolution
		{AC4F9FA8-21A7-455B-9C65-9B4769F59D5C}.Debug|Any CPU.ActiveCfg = Debug|Any CPU
		{AC4F9FA8-21A7-455B-9C65-9B4769F59D5C}.Debug|Any CPU.Build.0 = Debug|Any CPU
		{AC4F9FA8-21A7-455B-9C65-9B4769F59D5C}.Release|Any CPU.ActiveCfg = Release|Any CPU
		{AC4F9FA8-21A7-455B-9C65-9B4769F59D5C}.Release|Any CPU.Build.0 = Release|Any CPU
		{B81B62AD-E60F-4DB4-A49C-241A113CDBDF}.Debug|Any CPU.ActiveCfg = Debug|Any CPU
		{B81B62AD-E60F-4DB4-A49C-241A113CDBDF}.Debug|Any CPU.Build.0 = Debug|Any CPU
		{B81B62AD-E60F-4DB4-A49C-241A113CDBDF}.Release|Any CPU.ActiveCfg = Release|Any CPU
		{B81B62AD-E60F-4DB4-A49C-241A113CDBDF}.Release|Any CPU.Build.0 = Release|Any CPU
		{92153D90-7C1B-4FE7-91E0-ADD9ED8A353A}.Debug|Any CPU.ActiveCfg = Debug|Any CPU
		{92153D90-7C1B-4FE7-91E0-ADD9ED8A353A}.Debug|Any CPU.Build.0 = Debug|Any CPU
		{92153D90-7C1B-4FE7-91E0-ADD9ED8A353A}.Release|Any CPU.ActiveCfg = Release|Any CPU
		{92153D90-7C1B-4FE7-91E0-ADD9ED8A353A}.Release|Any CPU.Build.0 = Release|Any CPU
	EndGlobalSection
	GlobalSection(SolutionProperties) = preSolution
		HideSolutionNode = FALSE
	EndGlobalSection
	GlobalSection(ExtensibilityGlobals) = postSolution
		SolutionGuid = {F287B708-B578-4B74-923A-2FAE8C54B40E}
	EndGlobalSection
EndGlobal
