
Microsoft Visual Studio Solution File, Format Version 12.00
# Visual Studio Version 16
VisualStudioVersion = 16.0.29519.87
MinimumVisualStudioVersion = 10.0.40219.1
Project("{9A19103F-16F7-4668-BE54-9A1E7A4F7556}") = "P01_PrintOddNumbers", "P01_PrintOddNumbers\P01_PrintOddNumbers.csproj", "{D0CBCD7B-E4FB-4334-BD74-B998E686295E}"
EndProject
Project("{FAE04EC0-301F-11D3-BF4B-00C04F79EFBC}") = "P02_EnterNumber", "P02_EnterNumber\P02_EnterNumber.csproj", "{8E51F5E5-252A-4D41-A7D8-5045B72492C1}"
EndProject
Project("{FAE04EC0-301F-11D3-BF4B-00C04F79EFBC}") = "P03_StackOverflowException", "P03_StackOverflowException\P03_StackOverflowException.csproj", "{DA76FDF5-CCD9-4266-989B-680687C4A411}"
EndProject
Global
	GlobalSection(SolutionConfigurationPlatforms) = preSolution
		Debug|Any CPU = Debug|Any CPU
		Release|Any CPU = Release|Any CPU
	EndGlobalSection
	GlobalSection(ProjectConfigurationPlatforms) = postSolution
		{D0CBCD7B-E4FB-4334-BD74-B998E686295E}.Debug|Any CPU.ActiveCfg = Debug|Any CPU
		{D0CBCD7B-E4FB-4334-BD74-B998E686295E}.Debug|Any CPU.Build.0 = Debug|Any CPU
		{D0CBCD7B-E4FB-4334-BD74-B998E686295E}.Release|Any CPU.ActiveCfg = Release|Any CPU
		{D0CBCD7B-E4FB-4334-BD74-B998E686295E}.Release|Any CPU.Build.0 = Release|Any CPU
		{8E51F5E5-252A-4D41-A7D8-5045B72492C1}.Debug|Any CPU.ActiveCfg = Debug|Any CPU
		{8E51F5E5-252A-4D41-A7D8-5045B72492C1}.Debug|Any CPU.Build.0 = Debug|Any CPU
		{8E51F5E5-252A-4D41-A7D8-5045B72492C1}.Release|Any CPU.ActiveCfg = Release|Any CPU
		{8E51F5E5-252A-4D41-A7D8-5045B72492C1}.Release|Any CPU.Build.0 = Release|Any CPU
		{DA76FDF5-CCD9-4266-989B-680687C4A411}.Debug|Any CPU.ActiveCfg = Debug|Any CPU
		{DA76FDF5-CCD9-4266-989B-680687C4A411}.Debug|Any CPU.Build.0 = Debug|Any CPU
		{DA76FDF5-CCD9-4266-989B-680687C4A411}.Release|Any CPU.ActiveCfg = Release|Any CPU
		{DA76FDF5-CCD9-4266-989B-680687C4A411}.Release|Any CPU.Build.0 = Release|Any CPU
	EndGlobalSection
	GlobalSection(SolutionProperties) = preSolution
		HideSolutionNode = FALSE
	EndGlobalSection
	GlobalSection(ExtensibilityGlobals) = postSolution
		SolutionGuid = {94C0A479-4E55-4CC7-A5FB-D50B319D384C}
	EndGlobalSection
EndGlobal
