
Microsoft Visual Studio Solution File, Format Version 12.00
# Visual Studio Version 16
VisualStudioVersion = 16.0.29409.12
MinimumVisualStudioVersion = 10.0.40219.1
Project("{9A19103F-16F7-4668-BE54-9A1E7A4F7556}") = "P01_SimpleMethod", "P01_SimpleMethod\P01_SimpleMethod.csproj", "{BA03A736-8FFD-4123-A562-E3A0780AAE53}"
EndProject
Project("{9A19103F-16F7-4668-BE54-9A1E7A4F7556}") = "P02_SwitchingValues", "P02_SwitchingValues\P02_SwitchingValues.csproj", "{E3BCCEC8-634B-4BF8-89A2-AE1D46C4E5E2}"
EndProject
Project("{9A19103F-16F7-4668-BE54-9A1E7A4F7556}") = "P03_CountElement", "P03_CountElement\P03_CountElement.csproj", "{81F15E9D-34F7-4DBD-AA27-704DF053C431}"
EndProject
Project("{9A19103F-16F7-4668-BE54-9A1E7A4F7556}") = "P04_RecursionFactorial", "P04_RecursionFactorial\P04_RecursionFactorial.csproj", "{F9E637D2-C6D0-4906-BD26-E02EB2B29D47}"
EndProject
Project("{FAE04EC0-301F-11D3-BF4B-00C04F79EFBC}") = "P05_Fibonacci", "P05_Fibonacci\P05_Fibonacci.csproj", "{DE0C9A2C-86BA-47AE-84D7-F17F67D9F846}"
EndProject
Global
	GlobalSection(SolutionConfigurationPlatforms) = preSolution
		Debug|Any CPU = Debug|Any CPU
		Release|Any CPU = Release|Any CPU
	EndGlobalSection
	GlobalSection(ProjectConfigurationPlatforms) = postSolution
		{BA03A736-8FFD-4123-A562-E3A0780AAE53}.Debug|Any CPU.ActiveCfg = Debug|Any CPU
		{BA03A736-8FFD-4123-A562-E3A0780AAE53}.Debug|Any CPU.Build.0 = Debug|Any CPU
		{BA03A736-8FFD-4123-A562-E3A0780AAE53}.Release|Any CPU.ActiveCfg = Release|Any CPU
		{BA03A736-8FFD-4123-A562-E3A0780AAE53}.Release|Any CPU.Build.0 = Release|Any CPU
		{E3BCCEC8-634B-4BF8-89A2-AE1D46C4E5E2}.Debug|Any CPU.ActiveCfg = Debug|Any CPU
		{E3BCCEC8-634B-4BF8-89A2-AE1D46C4E5E2}.Debug|Any CPU.Build.0 = Debug|Any CPU
		{E3BCCEC8-634B-4BF8-89A2-AE1D46C4E5E2}.Release|Any CPU.ActiveCfg = Release|Any CPU
		{E3BCCEC8-634B-4BF8-89A2-AE1D46C4E5E2}.Release|Any CPU.Build.0 = Release|Any CPU
		{81F15E9D-34F7-4DBD-AA27-704DF053C431}.Debug|Any CPU.ActiveCfg = Debug|Any CPU
		{81F15E9D-34F7-4DBD-AA27-704DF053C431}.Debug|Any CPU.Build.0 = Debug|Any CPU
		{81F15E9D-34F7-4DBD-AA27-704DF053C431}.Release|Any CPU.ActiveCfg = Release|Any CPU
		{81F15E9D-34F7-4DBD-AA27-704DF053C431}.Release|Any CPU.Build.0 = Release|Any CPU
		{F9E637D2-C6D0-4906-BD26-E02EB2B29D47}.Debug|Any CPU.ActiveCfg = Debug|Any CPU
		{F9E637D2-C6D0-4906-BD26-E02EB2B29D47}.Debug|Any CPU.Build.0 = Debug|Any CPU
		{F9E637D2-C6D0-4906-BD26-E02EB2B29D47}.Release|Any CPU.ActiveCfg = Release|Any CPU
		{F9E637D2-C6D0-4906-BD26-E02EB2B29D47}.Release|Any CPU.Build.0 = Release|Any CPU
		{DE0C9A2C-86BA-47AE-84D7-F17F67D9F846}.Debug|Any CPU.ActiveCfg = Debug|Any CPU
		{DE0C9A2C-86BA-47AE-84D7-F17F67D9F846}.Debug|Any CPU.Build.0 = Debug|Any CPU
		{DE0C9A2C-86BA-47AE-84D7-F17F67D9F846}.Release|Any CPU.ActiveCfg = Release|Any CPU
		{DE0C9A2C-86BA-47AE-84D7-F17F67D9F846}.Release|Any CPU.Build.0 = Release|Any CPU
	EndGlobalSection
	GlobalSection(SolutionProperties) = preSolution
		HideSolutionNode = FALSE
	EndGlobalSection
	GlobalSection(ExtensibilityGlobals) = postSolution
		SolutionGuid = {916EB8BC-B629-43C5-87AA-148A95E41CC0}
	EndGlobalSection
EndGlobal
