
Microsoft Visual Studio Solution File, Format Version 12.00
# Visual Studio Version 16
VisualStudioVersion = 16.0.29409.12
MinimumVisualStudioVersion = 10.0.40219.1
Project("{FAE04EC0-301F-11D3-BF4B-00C04F79EFBC}") = "P01_PrintNumbersFrom1ToN", "P01_PrintNumbersFrom1ToN\P01_PrintNumbersFrom1ToN.csproj", "{9C56C615-9311-4452-890B-F28BAF66C21E}"
EndProject
Project("{FAE04EC0-301F-11D3-BF4B-00C04F79EFBC}") = "P02_FindSumFromOneToN", "P02_FindSumFromOneToN\P02_FindSumFromOneToN.csproj", "{C15825C4-D4E7-47CE-8A15-81070804C76C}"
EndProject
Project("{FAE04EC0-301F-11D3-BF4B-00C04F79EFBC}") = "P03_PrintEveryDigitFromNumber", "P03_PrintEveryDigitFromNumber\P03_PrintEveryDigitFromNumber.csproj", "{C007BFE8-2D6C-4341-93B9-8952EAD4E120}"
EndProject
Global
	GlobalSection(SolutionConfigurationPlatforms) = preSolution
		Debug|Any CPU = Debug|Any CPU
		Release|Any CPU = Release|Any CPU
	EndGlobalSection
	GlobalSection(ProjectConfigurationPlatforms) = postSolution
		{9C56C615-9311-4452-890B-F28BAF66C21E}.Debug|Any CPU.ActiveCfg = Debug|Any CPU
		{9C56C615-9311-4452-890B-F28BAF66C21E}.Debug|Any CPU.Build.0 = Debug|Any CPU
		{9C56C615-9311-4452-890B-F28BAF66C21E}.Release|Any CPU.ActiveCfg = Release|Any CPU
		{9C56C615-9311-4452-890B-F28BAF66C21E}.Release|Any CPU.Build.0 = Release|Any CPU
		{C15825C4-D4E7-47CE-8A15-81070804C76C}.Debug|Any CPU.ActiveCfg = Debug|Any CPU
		{C15825C4-D4E7-47CE-8A15-81070804C76C}.Debug|Any CPU.Build.0 = Debug|Any CPU
		{C15825C4-D4E7-47CE-8A15-81070804C76C}.Release|Any CPU.ActiveCfg = Release|Any CPU
		{C15825C4-D4E7-47CE-8A15-81070804C76C}.Release|Any CPU.Build.0 = Release|Any CPU
		{C007BFE8-2D6C-4341-93B9-8952EAD4E120}.Debug|Any CPU.ActiveCfg = Debug|Any CPU
		{C007BFE8-2D6C-4341-93B9-8952EAD4E120}.Debug|Any CPU.Build.0 = Debug|Any CPU
		{C007BFE8-2D6C-4341-93B9-8952EAD4E120}.Release|Any CPU.ActiveCfg = Release|Any CPU
		{C007BFE8-2D6C-4341-93B9-8952EAD4E120}.Release|Any CPU.Build.0 = Release|Any CPU
	EndGlobalSection
	GlobalSection(SolutionProperties) = preSolution
		HideSolutionNode = FALSE
	EndGlobalSection
	GlobalSection(ExtensibilityGlobals) = postSolution
		SolutionGuid = {FC615968-5F93-4DA0-B888-D0AABA688298}
	EndGlobalSection
EndGlobal
